
Microsoft Visual Studio Solution File, Format Version 12.00
# Visual Studio Version 17
VisualStudioVersion = 17.1.32319.34
MinimumVisualStudioVersion = 10.0.40219.1
Project("{9A19103F-16F7-4668-BE54-9A1E7A4F7556}") = "MAD.Integration.TableauCRM", "MAD.Integration.TableauCRM\MAD.Integration.TableauCRM.csproj", "{402D7F3F-6B90-42E8-88A9-3DEF47381CDC}"
EndProject
Project("{FAE04EC0-301F-11D3-BF4B-00C04F79EFBC}") = "MAD.Integration.TableauCRM.Tests", "MAD.Integration.TableauCRM.Tests\MAD.Integration.TableauCRM.Tests.csproj", "{BEB54E4A-3D8E-4841-935B-5531DB2BCF92}"
EndProject
Global
	GlobalSection(SolutionConfigurationPlatforms) = preSolution
		Debug|Any CPU = Debug|Any CPU
		Release|Any CPU = Release|Any CPU
	EndGlobalSection
	GlobalSection(ProjectConfigurationPlatforms) = postSolution
		{402D7F3F-6B90-42E8-88A9-3DEF47381CDC}.Debug|Any CPU.ActiveCfg = Debug|Any CPU
		{402D7F3F-6B90-42E8-88A9-3DEF47381CDC}.Debug|Any CPU.Build.0 = Debug|Any CPU
		{402D7F3F-6B90-42E8-88A9-3DEF47381CDC}.Release|Any CPU.ActiveCfg = Release|Any CPU
		{402D7F3F-6B90-42E8-88A9-3DEF47381CDC}.Release|Any CPU.Build.0 = Release|Any CPU
		{BEB54E4A-3D8E-4841-935B-5531DB2BCF92}.Debug|Any CPU.ActiveCfg = Debug|Any CPU
		{BEB54E4A-3D8E-4841-935B-5531DB2BCF92}.Debug|Any CPU.Build.0 = Debug|Any CPU
		{BEB54E4A-3D8E-4841-935B-5531DB2BCF92}.Release|Any CPU.ActiveCfg = Release|Any CPU
		{BEB54E4A-3D8E-4841-935B-5531DB2BCF92}.Release|Any CPU.Build.0 = Release|Any CPU
	EndGlobalSection
	GlobalSection(SolutionProperties) = preSolution
		HideSolutionNode = FALSE
	EndGlobalSection
	GlobalSection(ExtensibilityGlobals) = postSolution
		SolutionGuid = {22CDF114-8BAB-4FC1-9AE7-62BD4D767376}
	EndGlobalSection
EndGlobal
